// !$*UTF8*$!
{
	archiveVersion = 1;
	classes = {
	};
	objectVersion = 46;
	objects = {

/* Begin PBXBuildFile section */
		22464D281E24C3D300935CC0 /* main.m in Sources */ = {isa = PBXBuildFile; fileRef = 22464D271E24C3D300935CC0 /* main.m */; };
		22464D2B1E24C3D300935CC0 /* AppDelegate.m in Sources */ = {isa = PBXBuildFile; fileRef = 22464D2A1E24C3D300935CC0 /* AppDelegate.m */; };
		22464D2E1E24C3D300935CC0 /* ViewController.m in Sources */ = {isa = PBXBuildFile; fileRef = 22464D2D1E24C3D300935CC0 /* ViewController.m */; };
		22464D311E24C3D300935CC0 /* Main.storyboard in Resources */ = {isa = PBXBuildFile; fileRef = 22464D2F1E24C3D300935CC0 /* Main.storyboard */; };
		22464D331E24C3D300935CC0 /* Assets.xcassets in Resources */ = {isa = PBXBuildFile; fileRef = 22464D321E24C3D300935CC0 /* Assets.xcassets */; };
		22464D361E24C3D300935CC0 /* LaunchScreen.storyboard in Resources */ = {isa = PBXBuildFile; fileRef = 22464D341E24C3D300935CC0 /* LaunchScreen.storyboard */; };
		D41E3CD07DF9C4D696361505 /* Pods_SlientPaste.framework in Frameworks */ = {isa = PBXBuildFile; fileRef = D21313C9335EF66692478DD9 /* Pods_SlientPaste.framework */; };
/* End PBXBuildFile section */

/* Begin PBXFileReference section */
		22464D231E24C3D300935CC0 /* SlientPaste.app */ = {isa = PBXFileReference; explicitFileType = wrapper.application; includeInIndex = 0; path = SlientPaste.app; sourceTree = BUILT_PRODUCTS_DIR; };
		22464D271E24C3D300935CC0 /* main.m */ = {isa = PBXFileReference; lastKnownFileType = sourcecode.c.objc; path = main.m; sourceTree = "<group>"; };
		22464D291E24C3D300935CC0 /* AppDelegate.h */ = {isa = PBXFileReference; lastKnownFileType = sourcecode.c.h; path = AppDelegate.h; sourceTree = "<group>"; };
		22464D2A1E24C3D300935CC0 /* AppDelegate.m */ = {isa = PBXFileReference; lastKnownFileType = sourcecode.c.objc; path = AppDelegate.m; sourceTree = "<group>"; };
		22464D2C1E24C3D300935CC0 /* ViewController.h */ = {isa = PBXFileReference; lastKnownFileType = sourcecode.c.h; path = ViewController.h; sourceTree = "<group>"; };
		22464D2D1E24C3D300935CC0 /* ViewController.m */ = {isa = PBXFileReference; lastKnownFileType = sourcecode.c.objc; path = ViewController.m; sourceTree = "<group>"; };
		22464D301E24C3D300935CC0 /* Base */ = {isa = PBXFileReference; lastKnownFileType = file.storyboard; name = Base; path = Base.lproj/Main.storyboard; sourceTree = "<group>"; };
		22464D321E24C3D300935CC0 /* Assets.xcassets */ = {isa = PBXFileReference; lastKnownFileType = folder.assetcatalog; path = Assets.xcassets; sourceTree = "<group>"; };
		22464D351E24C3D300935CC0 /* Base */ = {isa = PBXFileReference; lastKnownFileType = file.storyboard; name = Base; path = Base.lproj/LaunchScreen.storyboard; sourceTree = "<group>"; };
		22464D371E24C3D300935CC0 /* Info.plist */ = {isa = PBXFileReference; lastKnownFileType = text.plist.xml; path = Info.plist; sourceTree = "<group>"; };
		22464D3D1E24C3DD00935CC0 /* SlientPaste.entitlements */ = {isa = PBXFileReference; lastKnownFileType = text.plist.entitlements; path = SlientPaste.entitlements; sourceTree = "<group>"; };
		24EC8B090D2DC7BC87B50F48 /* Pods-SlientPaste.release.xcconfig */ = {isa = PBXFileReference; includeInIndex = 1; lastKnownFileType = text.xcconfig; name = "Pods-SlientPaste.release.xcconfig"; path = "Pods/Target Support Files/Pods-SlientPaste/Pods-SlientPaste.release.xcconfig"; sourceTree = "<group>"; };
		CC130B0E2939E73467F63685 /* Pods-SlientPaste.debug.xcconfig */ = {isa = PBXFileReference; includeInIndex = 1; lastKnownFileType = text.xcconfig; name = "Pods-SlientPaste.debug.xcconfig"; path = "Pods/Target Support Files/Pods-SlientPaste/Pods-SlientPaste.debug.xcconfig"; sourceTree = "<group>"; };
		D21313C9335EF66692478DD9 /* Pods_SlientPaste.framework */ = {isa = PBXFileReference; explicitFileType = wrapper.framework; includeInIndex = 0; path = Pods_SlientPaste.framework; sourceTree = BUILT_PRODUCTS_DIR; };
/* End PBXFileReference section */

/* Begin PBXFrameworksBuildPhase section */
		22464D201E24C3D300935CC0 /* Frameworks */ = {
			isa = PBXFrameworksBuildPhase;
			buildActionMask = 2147483647;
			files = (
				D41E3CD07DF9C4D696361505 /* Pods_SlientPaste.framework in Frameworks */,
			);
			runOnlyForDeploymentPostprocessing = 0;
		};
/* End PBXFrameworksBuildPhase section */

/* Begin PBXGroup section */
		0FB7FD4A382297F873548B02 /* Pods */ = {
			isa = PBXGroup;
			children = (
				CC130B0E2939E73467F63685 /* Pods-SlientPaste.debug.xcconfig */,
				24EC8B090D2DC7BC87B50F48 /* Pods-SlientPaste.release.xcconfig */,
			);
			name = Pods;
			sourceTree = "<group>";
		};
		22464D1A1E24C3D300935CC0 = {
			isa = PBXGroup;
			children = (
				22464D251E24C3D300935CC0 /* SlientPaste */,
				22464D241E24C3D300935CC0 /* Products */,
				0FB7FD4A382297F873548B02 /* Pods */,
				2BB77607C6F01FBBB7BA6B43 /* Frameworks */,
			);
			sourceTree = "<group>";
		};
		22464D241E24C3D300935CC0 /* Products */ = {
			isa = PBXGroup;
			children = (
				22464D231E24C3D300935CC0 /* SlientPaste.app */,
			);
			name = Products;
			sourceTree = "<group>";
		};
		22464D251E24C3D300935CC0 /* SlientPaste */ = {
			isa = PBXGroup;
			children = (
				22464D3D1E24C3DD00935CC0 /* SlientPaste.entitlements */,
				22464D291E24C3D300935CC0 /* AppDelegate.h */,
				22464D2A1E24C3D300935CC0 /* AppDelegate.m */,
				22464D2C1E24C3D300935CC0 /* ViewController.h */,
				22464D2D1E24C3D300935CC0 /* ViewController.m */,
				22464D2F1E24C3D300935CC0 /* Main.storyboard */,
				22464D321E24C3D300935CC0 /* Assets.xcassets */,
				22464D341E24C3D300935CC0 /* LaunchScreen.storyboard */,
				22464D371E24C3D300935CC0 /* Info.plist */,
				22464D261E24C3D300935CC0 /* Supporting Files */,
			);
			path = SlientPaste;
			sourceTree = "<group>";
		};
		22464D261E24C3D300935CC0 /* Supporting Files */ = {
			isa = PBXGroup;
			children = (
				22464D271E24C3D300935CC0 /* main.m */,
			);
			name = "Supporting Files";
			sourceTree = "<group>";
		};
		2BB77607C6F01FBBB7BA6B43 /* Frameworks */ = {
			isa = PBXGroup;
			children = (
				D21313C9335EF66692478DD9 /* Pods_SlientPaste.framework */,
			);
			name = Frameworks;
			sourceTree = "<group>";
		};
/* End PBXGroup section */

/* Begin PBXNativeTarget section */
		22464D221E24C3D300935CC0 /* SlientPaste */ = {
			isa = PBXNativeTarget;
			buildConfigurationList = 22464D3A1E24C3D300935CC0 /* Build configuration list for PBXNativeTarget "SlientPaste" */;
			buildPhases = (
				7A41840A51BD90EE86624CE5 /* [CP] Check Pods Manifest.lock */,
				22464D1F1E24C3D300935CC0 /* Sources */,
				22464D201E24C3D300935CC0 /* Frameworks */,
				22464D211E24C3D300935CC0 /* Resources */,
				C6F3734DD5FCA02E9C9886A8 /* [CP] Embed Pods Frameworks */,
				7EC4CADFBDB2C5DA30FF9006 /* [CP] Copy Pods Resources */,
			);
			buildRules = (
			);
			dependencies = (
			);
			name = SlientPaste;
			productName = SlientPaste;
			productReference = 22464D231E24C3D300935CC0 /* SlientPaste.app */;
			productType = "com.apple.product-type.application";
		};
/* End PBXNativeTarget section */

/* Begin PBXProject section */
		22464D1B1E24C3D300935CC0 /* Project object */ = {
			isa = PBXProject;
			attributes = {
				LastUpgradeCheck = 0820;
				ORGANIZATIONNAME = "Gaofei Ma";
				TargetAttributes = {
					22464D221E24C3D300935CC0 = {
						CreatedOnToolsVersion = 8.2.1;
						DevelopmentTeam = N5G28WF2Y2;
						ProvisioningStyle = Automatic;
						SystemCapabilities = {
							com.apple.BackgroundModes = {
								enabled = 1;
							};
							com.apple.Push = {
								enabled = 1;
							};
						};
					};
				};
			};
			buildConfigurationList = 22464D1E1E24C3D300935CC0 /* Build configuration list for PBXProject "SlientPaste" */;
			compatibilityVersion = "Xcode 3.2";
			developmentRegion = English;
			hasScannedForEncodings = 0;
			knownRegions = (
				en,
				Base,
			);
			mainGroup = 22464D1A1E24C3D300935CC0;
			productRefGroup = 22464D241E24C3D300935CC0 /* Products */;
			projectDirPath = "";
			projectRoot = "";
			targets = (
				22464D221E24C3D300935CC0 /* SlientPaste */,
			);
		};
/* End PBXProject section */

/* Begin PBXResourcesBuildPhase section */
		22464D211E24C3D300935CC0 /* Resources */ = {
			isa = PBXResourcesBuildPhase;
			buildActionMask = 2147483647;
			files = (
				22464D361E24C3D300935CC0 /* LaunchScreen.storyboard in Resources */,
				22464D331E24C3D300935CC0 /* Assets.xcassets in Resources */,
				22464D311E24C3D300935CC0 /* Main.storyboard in Resources */,
			);
			runOnlyForDeploymentPostprocessing = 0;
		};
/* End PBXResourcesBuildPhase section */

/* Begin PBXShellScriptBuildPhase section */
		7A41840A51BD90EE86624CE5 /* [CP] Check Pods Manifest.lock */ = {
			isa = PBXShellScriptBuildPhase;
			buildActionMask = 2147483647;
			files = (
			);
			inputPaths = (
			);
			name = "[CP] Check Pods Manifest.lock";
			outputPaths = (
			);
			runOnlyForDeploymentPostprocessing = 0;
			shellPath = /bin/sh;
			shellScript = "diff \"${PODS_ROOT}/../Podfile.lock\" \"${PODS_ROOT}/Manifest.lock\" > /dev/null\nif [ $? != 0 ] ; then\n    # print error to STDERR\n    echo \"error: The sandbox is not in sync with the Podfile.lock. Run 'pod install' or update your CocoaPods installation.\" >&2\n    exit 1\nfi\n";
			showEnvVarsInLog = 0;
		};
		7EC4CADFBDB2C5DA30FF9006 /* [CP] Copy Pods Resources */ = {
			isa = PBXShellScriptBuildPhase;
			buildActionMask = 2147483647;
			files = (
			);
			inputPaths = (
			);
			name = "[CP] Copy Pods Resources";
			outputPaths = (
			);
			runOnlyForDeploymentPostprocessing = 0;
			shellPath = /bin/sh;
			shellScript = "\"${SRCROOT}/Pods/Target Support Files/Pods-SlientPaste/Pods-SlientPaste-resources.sh\"\n";
			showEnvVarsInLog = 0;
		};
		C6F3734DD5FCA02E9C9886A8 /* [CP] Embed Pods Frameworks */ = {
			isa = PBXShellScriptBuildPhase;
			buildActionMask = 2147483647;
			files = (
			);
			inputPaths = (
			);
			name = "[CP] Embed Pods Frameworks";
			outputPaths = (
			);
			runOnlyForDeploymentPostprocessing = 0;
			shellPath = /bin/sh;
			shellScript = "\"${SRCROOT}/Pods/Target Support Files/Pods-SlientPaste/Pods-SlientPaste-frameworks.sh\"\n";
			showEnvVarsInLog = 0;
		};
/* End PBXShellScriptBuildPhase section */

/* Begin PBXSourcesBuildPhase section */
		22464D1F1E24C3D300935CC0 /* Sources */ = {
			isa = PBXSourcesBuildPhase;
			buildActionMask = 2147483647;
			files = (
				22464D2E1E24C3D300935CC0 /* ViewController.m in Sources */,
				22464D2B1E24C3D300935CC0 /* AppDelegate.m in Sources */,
				22464D281E24C3D300935CC0 /* main.m in Sources */,
			);
			runOnlyForDeploymentPostprocessing = 0;
		};
/* End PBXSourcesBuildPhase section */

/* Begin PBXVariantGroup section */
		22464D2F1E24C3D300935CC0 /* Main.storyboard */ = {
			isa = PBXVariantGroup;
			children = (
				22464D301E24C3D300935CC0 /* Base */,
			);
			name = Main.storyboard;
			sourceTree = "<group>";
		};
		22464D341E24C3D300935CC0 /* LaunchScreen.storyboard */ = {
			isa = PBXVariantGroup;
			children = (
				22464D351E24C3D300935CC0 /* Base */,
			);
			name = LaunchScreen.storyboard;
			sourceTree = "<group>";
		};
/* End PBXVariantGroup section */

/* Begin XCBuildConfiguration section */
		22464D381E24C3D300935CC0 /* Debug */ = {
			isa = XCBuildConfiguration;
			buildSettings = {
				ALWAYS_SEARCH_USER_PATHS = NO;
				CLANG_ANALYZER_NONNULL = YES;
				CLANG_CXX_LANGUAGE_STANDARD = "gnu++0x";
				CLANG_CXX_LIBRARY = "libc++";
				CLANG_ENABLE_MODULES = YES;
				CLANG_ENABLE_OBJC_ARC = YES;
				CLANG_WARN_BOOL_CONVERSION = YES;
				CLANG_WARN_CONSTANT_CONVERSION = YES;
				CLANG_WARN_DIRECT_OBJC_ISA_USAGE = YES_ERROR;
				CLANG_WARN_DOCUMENTATION_COMMENTS = YES;
				CLANG_WARN_EMPTY_BODY = YES;
				CLANG_WARN_ENUM_CONVERSION = YES;
				CLANG_WARN_INFINITE_RECURSION = YES;
				CLANG_WARN_INT_CONVERSION = YES;
				CLANG_WARN_OBJC_ROOT_CLASS = YES_ERROR;
				CLANG_WARN_SUSPICIOUS_MOVE = YES;
				CLANG_WARN_UNREACHABLE_CODE = YES;
				CLANG_WARN__DUPLICATE_METHOD_MATCH = YES;
				"CODE_SIGN_IDENTITY[sdk=iphoneos*]" = "iPhone Developer";
				COPY_PHASE_STRIP = NO;
				DEBUG_INFORMATION_FORMAT = dwarf;
				ENABLE_STRICT_OBJC_MSGSEND = YES;
				ENABLE_TESTABILITY = YES;
				GCC_C_LANGUAGE_STANDARD = gnu99;
				GCC_DYNAMIC_NO_PIC = NO;
				GCC_NO_COMMON_BLOCKS = YES;
				GCC_OPTIMIZATION_LEVEL = 0;
				GCC_PREPROCESSOR_DEFINITIONS = (
					"DEBUG=1",
					"$(inherited)",
				);
				GCC_WARN_64_TO_32_BIT_CONVERSION = YES;
				GCC_WARN_ABOUT_RETURN_TYPE = YES_ERROR;
				GCC_WARN_UNDECLARED_SELECTOR = YES;
				GCC_WARN_UNINITIALIZED_AUTOS = YES_AGGRESSIVE;
				GCC_WARN_UNUSED_FUNCTION = YES;
				GCC_WARN_UNUSED_VARIABLE = YES;
				IPHONEOS_DEPLOYMENT_TARGET = 10.2;
				MTL_ENABLE_DEBUG_INFO = YES;
				ONLY_ACTIVE_ARCH = YES;
				SDKROOT = iphoneos;
				TARGETED_DEVICE_FAMILY = "1,2";
			};
			name = Debug;
		};
		22464D391E24C3D300935CC0 /* Release */ = {
			isa = XCBuildConfiguration;
			buildSettings = {
				ALWAYS_SEARCH_USER_PATHS = NO;
				CLANG_ANALYZER_NONNULL = YES;
				CLANG_CXX_LANGUAGE_STANDARD = "gnu++0x";
				CLANG_CXX_LIBRARY = "libc++";
				CLANG_ENABLE_MODULES = YES;
				CLANG_ENABLE_OBJC_ARC = YES;
				CLANG_WARN_BOOL_CONVERSION = YES;
				CLANG_WARN_CONSTANT_CONVERSION = YES;
				CLANG_WARN_DIRECT_OBJC_ISA_USAGE = YES_ERROR;
				CLANG_WARN_DOCUMENTATION_COMMENTS = YES;
				CLANG_WARN_EMPTY_BODY = YES;
				CLANG_WARN_ENUM_CONVERSION = YES;
				CLANG_WARN_INFINITE_RECURSION = YES;
				CLANG_WARN_INT_CONVERSION = YES;
				CLANG_WARN_OBJC_ROOT_CLASS = YES_ERROR;
				CLANG_WARN_SUSPICIOUS_MOVE = YES;
				CLANG_WARN_UNREACHABLE_CODE = YES;
				CLANG_WARN__DUPLICATE_METHOD_MATCH = YES;
				"CODE_SIGN_IDENTITY[sdk=iphoneos*]" = "iPhone Developer";
				COPY_PHASE_STRIP = NO;
				DEBUG_INFORMATION_FORMAT = "dwarf-with-dsym";
				ENABLE_NS_ASSERTIONS = NO;
				ENABLE_STRICT_OBJC_MSGSEND = YES;
				GCC_C_LANGUAGE_STANDARD = gnu99;
				GCC_NO_COMMON_BLOCKS = YES;
				GCC_WARN_64_TO_32_BIT_CONVERSION = YES;
				GCC_WARN_ABOUT_RETURN_TYPE = YES_ERROR;
				GCC_WARN_UNDECLARED_SELECTOR = YES;
				GCC_WARN_UNINITIALIZED_AUTOS = YES_AGGRESSIVE;
				GCC_WARN_UNUSED_FUNCTION = YES;
				GCC_WARN_UNUSED_VARIABLE = YES;
				IPHONEOS_DEPLOYMENT_TARGET = 10.2;
				MTL_ENABLE_DEBUG_INFO = NO;
				SDKROOT = iphoneos;
				TARGETED_DEVICE_FAMILY = "1,2";
				VALIDATE_PRODUCT = YES;
			};
			name = Release;
		};
		22464D3B1E24C3D300935CC0 /* Debug */ = {
			isa = XCBuildConfiguration;
			baseConfigurationReference = CC130B0E2939E73467F63685 /* Pods-SlientPaste.debug.xcconfig */;
			buildSettings = {
				ASSETCATALOG_COMPILER_APPICON_NAME = AppIcon;
				CODE_SIGN_ENTITLEMENTS = SlientPaste/SlientPaste.entitlements;
				DEVELOPMENT_TEAM = N5G28WF2Y2;
				INFOPLIST_FILE = SlientPaste/Info.plist;
				IPHONEOS_DEPLOYMENT_TARGET = 8.0;
				LD_RUNPATH_SEARCH_PATHS = "$(inherited) @executable_path/Frameworks";
				PRODUCT_BUNDLE_IDENTIFIER = com.magaofei.SlientPaste;
				PRODUCT_NAME = "$(TARGET_NAME)";
			};
			name = Debug;
		};
		22464D3C1E24C3D300935CC0 /* Release */ = {
			isa = XCBuildConfiguration;
			baseConfigurationReference = 24EC8B090D2DC7BC87B50F48 /* Pods-SlientPaste.release.xcconfig */;
			buildSettings = {
				ASSETCATALOG_COMPILER_APPICON_NAME = AppIcon;
				CODE_SIGN_ENTITLEMENTS = SlientPaste/SlientPaste.entitlements;
				DEVELOPMENT_TEAM = N5G28WF2Y2;
				INFOPLIST_FILE = SlientPaste/Info.plist;
				IPHONEOS_DEPLOYMENT_TARGET = 8.0;
				LD_RUNPATH_SEARCH_PATHS = "$(inherited) @executable_path/Frameworks";
				PRODUCT_BUNDLE_IDENTIFIER = com.magaofei.SlientPaste;
				PRODUCT_NAME = "$(TARGET_NAME)";
			};
			name = Release;
		};
/* End XCBuildConfiguration section */

/* Begin XCConfigurationList section */
		22464D1E1E24C3D300935CC0 /* Build configuration list for PBXProject "SlientPaste" */ = {
			isa = XCConfigurationList;
			buildConfigurations = (
				22464D381E24C3D300935CC0 /* Debug */,
				22464D391E24C3D300935CC0 /* Release */,
			);
			defaultConfigurationIsVisible = 0;
			defaultConfigurationName = Release;
		};
		22464D3A1E24C3D300935CC0 /* Build configuration list for PBXNativeTarget "SlientPaste" */ = {
			isa = XCConfigurationList;
			buildConfigurations = (
				22464D3B1E24C3D300935CC0 /* Debug */,
				22464D3C1E24C3D300935CC0 /* Release */,
			);
			defaultConfigurationIsVisible = 0;
		};
/* End XCConfigurationList section */
	};
	rootObject = 22464D1B1E24C3D300935CC0 /* Project object */;
}
